// !$*UTF8*$!
{
	archiveVersion = 1;
	classes = {
	};
	objectVersion = 46;
	objects = {

/* Begin PBXBuildFile section */
		6B8063A01D97020B00851168 /* AppDelegate.swift in Sources */ = {isa = PBXBuildFile; fileRef = 6B80639F1D97020B00851168 /* AppDelegate.swift */; };
		6B8063A21D97020B00851168 /* ViewController.swift in Sources */ = {isa = PBXBuildFile; fileRef = 6B8063A11D97020B00851168 /* ViewController.swift */; };
		6B8063A51D97020B00851168 /* Main.storyboard in Resources */ = {isa = PBXBuildFile; fileRef = 6B8063A31D97020B00851168 /* Main.storyboard */; };
		6B8063A71D97020B00851168 /* Assets.xcassets in Resources */ = {isa = PBXBuildFile; fileRef = 6B8063A61D97020B00851168 /* Assets.xcassets */; };
		6B8063AA1D97020B00851168 /* LaunchScreen.storyboard in Resources */ = {isa = PBXBuildFile; fileRef = 6B8063A81D97020B00851168 /* LaunchScreen.storyboard */; };
		6B8063B21D98069600851168 /* DragImg.swift in Sources */ = {isa = PBXBuildFile; fileRef = 6B8063B11D98069600851168 /* DragImg.swift */; };
		6B8063B41D99C5E300851168 /* MonsterImg.swift in Sources */ = {isa = PBXBuildFile; fileRef = 6B8063B31D99C5E300851168 /* MonsterImg.swift */; };
		6B8063BA1D9B0AB300851168 /* bite.wav in Resources */ = {isa = PBXBuildFile; fileRef = 6B8063B51D9B0AB300851168 /* bite.wav */; };
		6B8063BB1D9B0AB300851168 /* death.wav in Resources */ = {isa = PBXBuildFile; fileRef = 6B8063B61D9B0AB300851168 /* death.wav */; };
		6B8063BC1D9B0AB300851168 /* heart.wav in Resources */ = {isa = PBXBuildFile; fileRef = 6B8063B71D9B0AB300851168 /* heart.wav */; };
		6B8063BD1D9B0AB300851168 /* skull.wav in Resources */ = {isa = PBXBuildFile; fileRef = 6B8063B81D9B0AB300851168 /* skull.wav */; };
		6B8063BE1D9B0AB300851168 /* cave-music.mp3 in Resources */ = {isa = PBXBuildFile; fileRef = 6B8063B91D9B0AB300851168 /* cave-music.mp3 */; };
/* End PBXBuildFile section */

/* Begin PBXFileReference section */
		6B80639C1D97020B00851168 /* MonsterToGo.app */ = {isa = PBXFileReference; explicitFileType = wrapper.application; includeInIndex = 0; path = MonsterToGo.app; sourceTree = BUILT_PRODUCTS_DIR; };
		6B80639F1D97020B00851168 /* AppDelegate.swift */ = {isa = PBXFileReference; lastKnownFileType = sourcecode.swift; path = AppDelegate.swift; sourceTree = "<group>"; };
		6B8063A11D97020B00851168 /* ViewController.swift */ = {isa = PBXFileReference; lastKnownFileType = sourcecode.swift; path = ViewController.swift; sourceTree = "<group>"; };
		6B8063A41D97020B00851168 /* Base */ = {isa = PBXFileReference; lastKnownFileType = file.storyboard; name = Base; path = Base.lproj/Main.storyboard; sourceTree = "<group>"; };
		6B8063A61D97020B00851168 /* Assets.xcassets */ = {isa = PBXFileReference; lastKnownFileType = folder.assetcatalog; path = Assets.xcassets; sourceTree = "<group>"; };
		6B8063A91D97020B00851168 /* Base */ = {isa = PBXFileReference; lastKnownFileType = file.storyboard; name = Base; path = Base.lproj/LaunchScreen.storyboard; sourceTree = "<group>"; };
		6B8063AB1D97020B00851168 /* Info.plist */ = {isa = PBXFileReference; lastKnownFileType = text.plist.xml; path = Info.plist; sourceTree = "<group>"; };
		6B8063B11D98069600851168 /* DragImg.swift */ = {isa = PBXFileReference; fileEncoding = 4; lastKnownFileType = sourcecode.swift; path = DragImg.swift; sourceTree = "<group>"; };
		6B8063B31D99C5E300851168 /* MonsterImg.swift */ = {isa = PBXFileReference; fileEncoding = 4; lastKnownFileType = sourcecode.swift; path = MonsterImg.swift; sourceTree = "<group>"; };
		6B8063B51D9B0AB300851168 /* bite.wav */ = {isa = PBXFileReference; lastKnownFileType = audio.wav; path = bite.wav; sourceTree = "<group>"; };
		6B8063B61D9B0AB300851168 /* death.wav */ = {isa = PBXFileReference; lastKnownFileType = audio.wav; path = death.wav; sourceTree = "<group>"; };
		6B8063B71D9B0AB300851168 /* heart.wav */ = {isa = PBXFileReference; lastKnownFileType = audio.wav; path = heart.wav; sourceTree = "<group>"; };
		6B8063B81D9B0AB300851168 /* skull.wav */ = {isa = PBXFileReference; lastKnownFileType = audio.wav; path = skull.wav; sourceTree = "<group>"; };
		6B8063B91D9B0AB300851168 /* cave-music.mp3 */ = {isa = PBXFileReference; lastKnownFileType = audio.mp3; path = "cave-music.mp3"; sourceTree = "<group>"; };
/* End PBXFileReference section */

/* Begin PBXFrameworksBuildPhase section */
		6B8063991D97020B00851168 /* Frameworks */ = {
			isa = PBXFrameworksBuildPhase;
			buildActionMask = 2147483647;
			files = (
			);
			runOnlyForDeploymentPostprocessing = 0;
		};
/* End PBXFrameworksBuildPhase section */

/* Begin PBXGroup section */
		6B8063931D97020A00851168 = {
			isa = PBXGroup;
			children = (
				6B80639E1D97020B00851168 /* MonsterToGo */,
				6B80639D1D97020B00851168 /* Products */,
			);
			sourceTree = "<group>";
		};
		6B80639D1D97020B00851168 /* Products */ = {
			isa = PBXGroup;
			children = (
				6B80639C1D97020B00851168 /* MonsterToGo.app */,
			);
			name = Products;
			sourceTree = "<group>";
		};
		6B80639E1D97020B00851168 /* MonsterToGo */ = {
			isa = PBXGroup;
			children = (
				6B80639F1D97020B00851168 /* AppDelegate.swift */,
				6B8063A11D97020B00851168 /* ViewController.swift */,
				6B8063B31D99C5E300851168 /* MonsterImg.swift */,
				6B8063B11D98069600851168 /* DragImg.swift */,
				6B8063A31D97020B00851168 /* Main.storyboard */,
				6B8063A61D97020B00851168 /* Assets.xcassets */,
				6B8063A81D97020B00851168 /* LaunchScreen.storyboard */,
				6B8063AB1D97020B00851168 /* Info.plist */,
				6B8063B51D9B0AB300851168 /* bite.wav */,
				6B8063B61D9B0AB300851168 /* death.wav */,
				6B8063B71D9B0AB300851168 /* heart.wav */,
				6B8063B81D9B0AB300851168 /* skull.wav */,
				6B8063B91D9B0AB300851168 /* cave-music.mp3 */,
			);
			path = MonsterToGo;
			sourceTree = "<group>";
		};
/* End PBXGroup section */

/* Begin PBXNativeTarget section */
		6B80639B1D97020B00851168 /* MonsterToGo */ = {
			isa = PBXNativeTarget;
			buildConfigurationList = 6B8063AE1D97020B00851168 /* Build configuration list for PBXNativeTarget "MonsterToGo" */;
			buildPhases = (
				6B8063981D97020B00851168 /* Sources */,
				6B8063991D97020B00851168 /* Frameworks */,
				6B80639A1D97020B00851168 /* Resources */,
			);
			buildRules = (
			);
			dependencies = (
			);
			name = MonsterToGo;
			productName = MonsterToGo;
			productReference = 6B80639C1D97020B00851168 /* MonsterToGo.app */;
			productType = "com.apple.product-type.application";
		};
/* End PBXNativeTarget section */

/* Begin PBXProject section */
		6B8063941D97020B00851168 /* Project object */ = {
			isa = PBXProject;
			attributes = {
				LastSwiftUpdateCheck = 0800;
				LastUpgradeCheck = 0800;
				ORGANIZATIONNAME = "Niklas Danz";
				TargetAttributes = {
					6B80639B1D97020B00851168 = {
						CreatedOnToolsVersion = 8.0;
						DevelopmentTeam = 53UYHTB3RG;
						ProvisioningStyle = Automatic;
					};
				};
			};
			buildConfigurationList = 6B8063971D97020B00851168 /* Build configuration list for PBXProject "MonsterToGo" */;
			compatibilityVersion = "Xcode 3.2";
			developmentRegion = English;
			hasScannedForEncodings = 0;
			knownRegions = (
				en,
				Base,
			);
			mainGroup = 6B8063931D97020A00851168;
			productRefGroup = 6B80639D1D97020B00851168 /* Products */;
			projectDirPath = "";
			projectRoot = "";
			targets = (
				6B80639B1D97020B00851168 /* MonsterToGo */,
			);
		};
/* End PBXProject section */

/* Begin PBXResourcesBuildPhase section */
		6B80639A1D97020B00851168 /* Resources */ = {
			isa = PBXResourcesBuildPhase;
			buildActionMask = 2147483647;
			files = (
				6B8063BB1D9B0AB300851168 /* death.wav in Resources */,
				6B8063BE1D9B0AB300851168 /* cave-music.mp3 in Resources */,
				6B8063BC1D9B0AB300851168 /* heart.wav in Resources */,
				6B8063BD1D9B0AB300851168 /* skull.wav in Resources */,
				6B8063BA1D9B0AB300851168 /* bite.wav in Resources */,
				6B8063AA1D97020B00851168 /* LaunchScreen.storyboard in Resources */,
				6B8063A71D97020B00851168 /* Assets.xcassets in Resources */,
				6B8063A51D97020B00851168 /* Main.storyboard in Resources */,
			);
			runOnlyForDeploymentPostprocessing = 0;
		};
/* End PBXResourcesBuildPhase section */

/* Begin PBXSourcesBuildPhase section */
		6B8063981D97020B00851168 /* Sources */ = {
			isa = PBXSourcesBuildPhase;
			buildActionMask = 2147483647;
			files = (
				6B8063B41D99C5E300851168 /* MonsterImg.swift in Sources */,
				6B8063B21D98069600851168 /* DragImg.swift in Sources */,
				6B8063A21D97020B00851168 /* ViewController.swift in Sources */,
				6B8063A01D97020B00851168 /* AppDelegate.swift in Sources */,
			);
			runOnlyForDeploymentPostprocessing = 0;
		};
/* End PBXSourcesBuildPhase section */

/* Begin PBXVariantGroup section */
		6B8063A31D97020B00851168 /* Main.storyboard */ = {
			isa = PBXVariantGroup;
			children = (
				6B8063A41D97020B00851168 /* Base */,
			);
			name = Main.storyboard;
			sourceTree = "<group>";
		};
		6B8063A81D97020B00851168 /* LaunchScreen.storyboard */ = {
			isa = PBXVariantGroup;
			children = (
				6B8063A91D97020B00851168 /* Base */,
			);
			name = LaunchScreen.storyboard;
			sourceTree = "<group>";
		};
/* End PBXVariantGroup section */

/* Begin XCBuildConfiguration section */
		6B8063AC1D97020B00851168 /* Debug */ = {
			isa = XCBuildConfiguration;
			buildSettings = {
				ALWAYS_SEARCH_USER_PATHS = NO;
				CLANG_ANALYZER_NONNULL = YES;
				CLANG_CXX_LANGUAGE_STANDARD = "gnu++0x";
				CLANG_CXX_LIBRARY = "libc++";
				CLANG_ENABLE_MODULES = YES;
				CLANG_ENABLE_OBJC_ARC = YES;
				CLANG_WARN_BOOL_CONVERSION = YES;
				CLANG_WARN_CONSTANT_CONVERSION = YES;
				CLANG_WARN_DIRECT_OBJC_ISA_USAGE = YES_ERROR;
				CLANG_WARN_DOCUMENTATION_COMMENTS = YES;
				CLANG_WARN_EMPTY_BODY = YES;
				CLANG_WARN_ENUM_CONVERSION = YES;
				CLANG_WARN_INFINITE_RECURSION = YES;
				CLANG_WARN_INT_CONVERSION = YES;
				CLANG_WARN_OBJC_ROOT_CLASS = YES_ERROR;
				CLANG_WARN_SUSPICIOUS_MOVES = YES;
				CLANG_WARN_UNREACHABLE_CODE = YES;
				CLANG_WARN__DUPLICATE_METHOD_MATCH = YES;
				"CODE_SIGN_IDENTITY[sdk=iphoneos*]" = "iPhone Developer";
				COPY_PHASE_STRIP = NO;
				DEBUG_INFORMATION_FORMAT = dwarf;
				ENABLE_STRICT_OBJC_MSGSEND = YES;
				ENABLE_TESTABILITY = YES;
				GCC_C_LANGUAGE_STANDARD = gnu99;
				GCC_DYNAMIC_NO_PIC = NO;
				GCC_NO_COMMON_BLOCKS = YES;
				GCC_OPTIMIZATION_LEVEL = 0;
				GCC_PREPROCESSOR_DEFINITIONS = (
					"DEBUG=1",
					"$(inherited)",
				);
				GCC_WARN_64_TO_32_BIT_CONVERSION = YES;
				GCC_WARN_ABOUT_RETURN_TYPE = YES_ERROR;
				GCC_WARN_UNDECLARED_SELECTOR = YES;
				GCC_WARN_UNINITIALIZED_AUTOS = YES_AGGRESSIVE;
				GCC_WARN_UNUSED_FUNCTION = YES;
				GCC_WARN_UNUSED_VARIABLE = YES;
				IPHONEOS_DEPLOYMENT_TARGET = 10.0;
				MTL_ENABLE_DEBUG_INFO = YES;
				ONLY_ACTIVE_ARCH = YES;
				SDKROOT = iphoneos;
				SWIFT_ACTIVE_COMPILATION_CONDITIONS = DEBUG;
				SWIFT_OPTIMIZATION_LEVEL = "-Onone";
				TARGETED_DEVICE_FAMILY = "1,2";
			};
			name = Debug;
		};
		6B8063AD1D97020B00851168 /* Release */ = {
			isa = XCBuildConfiguration;
			buildSettings = {
				ALWAYS_SEARCH_USER_PATHS = NO;
				CLANG_ANALYZER_NONNULL = YES;
				CLANG_CXX_LANGUAGE_STANDARD = "gnu++0x";
				CLANG_CXX_LIBRARY = "libc++";
				CLANG_ENABLE_MODULES = YES;
				CLANG_ENABLE_OBJC_ARC = YES;
				CLANG_WARN_BOOL_CONVERSION = YES;
				CLANG_WARN_CONSTANT_CONVERSION = YES;
				CLANG_WARN_DIRECT_OBJC_ISA_USAGE = YES_ERROR;
				CLANG_WARN_DOCUMENTATION_COMMENTS = YES;
				CLANG_WARN_EMPTY_BODY = YES;
				CLANG_WARN_ENUM_CONVERSION = YES;
				CLANG_WARN_INFINITE_RECURSION = YES;
				CLANG_WARN_INT_CONVERSION = YES;
				CLANG_WARN_OBJC_ROOT_CLASS = YES_ERROR;
				CLANG_WARN_SUSPICIOUS_MOVES = YES;
				CLANG_WARN_UNREACHABLE_CODE = YES;
				CLANG_WARN__DUPLICATE_METHOD_MATCH = YES;
				"CODE_SIGN_IDENTITY[sdk=iphoneos*]" = "iPhone Developer";
				COPY_PHASE_STRIP = NO;
				DEBUG_INFORMATION_FORMAT = "dwarf-with-dsym";
				ENABLE_NS_ASSERTIONS = NO;
				ENABLE_STRICT_OBJC_MSGSEND = YES;
				GCC_C_LANGUAGE_STANDARD = gnu99;
				GCC_NO_COMMON_BLOCKS = YES;
				GCC_WARN_64_TO_32_BIT_CONVERSION = YES;
				GCC_WARN_ABOUT_RETURN_TYPE = YES_ERROR;
				GCC_WARN_UNDECLARED_SELECTOR = YES;
				GCC_WARN_UNINITIALIZED_AUTOS = YES_AGGRESSIVE;
				GCC_WARN_UNUSED_FUNCTION = YES;
				GCC_WARN_UNUSED_VARIABLE = YES;
				IPHONEOS_DEPLOYMENT_TARGET = 10.0;
				MTL_ENABLE_DEBUG_INFO = NO;
				SDKROOT = iphoneos;
				SWIFT_OPTIMIZATION_LEVEL = "-Owholemodule";
				TARGETED_DEVICE_FAMILY = "1,2";
				VALIDATE_PRODUCT = YES;
			};
			name = Release;
		};
		6B8063AF1D97020B00851168 /* Debug */ = {
			isa = XCBuildConfiguration;
			buildSettings = {
				ASSETCATALOG_COMPILER_APPICON_NAME = AppIcon;
				DEVELOPMENT_TEAM = 53UYHTB3RG;
				INFOPLIST_FILE = MonsterToGo/Info.plist;
				LD_RUNPATH_SEARCH_PATHS = "$(inherited) @executable_path/Frameworks";
				PRODUCT_BUNDLE_IDENTIFIER = de.nikd.MonsterToGo;
				PRODUCT_NAME = "$(TARGET_NAME)";
				SWIFT_VERSION = 3.0;
			};
			name = Debug;
		};
		6B8063B01D97020B00851168 /* Release */ = {
			isa = XCBuildConfiguration;
			buildSettings = {
				ASSETCATALOG_COMPILER_APPICON_NAME = AppIcon;
				DEVELOPMENT_TEAM = 53UYHTB3RG;
				INFOPLIST_FILE = MonsterToGo/Info.plist;
				LD_RUNPATH_SEARCH_PATHS = "$(inherited) @executable_path/Frameworks";
				PRODUCT_BUNDLE_IDENTIFIER = de.nikd.MonsterToGo;
				PRODUCT_NAME = "$(TARGET_NAME)";
				SWIFT_VERSION = 3.0;
			};
			name = Release;
		};
/* End XCBuildConfiguration section */

/* Begin XCConfigurationList section */
		6B8063971D97020B00851168 /* Build configuration list for PBXProject "MonsterToGo" */ = {
			isa = XCConfigurationList;
			buildConfigurations = (
				6B8063AC1D97020B00851168 /* Debug */,
				6B8063AD1D97020B00851168 /* Release */,
			);
			defaultConfigurationIsVisible = 0;
			defaultConfigurationName = Release;
		};
		6B8063AE1D97020B00851168 /* Build configuration list for PBXNativeTarget "MonsterToGo" */ = {
			isa = XCConfigurationList;
			buildConfigurations = (
				6B8063AF1D97020B00851168 /* Debug */,
				6B8063B01D97020B00851168 /* Release */,
			);
			defaultConfigurationIsVisible = 0;
		};
/* End XCConfigurationList section */
	};
	rootObject = 6B8063941D97020B00851168 /* Project object */;
}
